Microsoft Visual Studio Solution File, Format Version 11.00
# Visual Studio 2008

Project("{66B55DE4-2B98-16DB-0007-CF509E551FB8}") = "Concept Game Mode", "Assembly-CSharp-firstpass-vs.csproj", "{FE6CE3E6-F9F3-6624-12BF-246CFA277244}"
EndProject
Project("{66B55DE4-2B98-16DB-0007-CF509E551FB8}") = "Concept Game Mode", "Assembly-CSharp-vs.csproj", "{7C906072-C6AB-7086-F98A-ACC4A7D47DBF}"
EndProject
Global
	GlobalSection(SolutionConfigurationPlatforms) = preSolution
		Debug|Any CPU = Debug|Any CPU
		Release|Any CPU = Release|Any CPU
	EndGlobalSection
	GlobalSection(ProjectConfigurationPlatforms) = postSolution
		{FE6CE3E6-F9F3-6624-12BF-246CFA277244}.Debug|Any CPU.ActiveCfg = Debug|Any CPU
		{FE6CE3E6-F9F3-6624-12BF-246CFA277244}.Debug|Any CPU.Build.0 = Debug|Any CPU
		{FE6CE3E6-F9F3-6624-12BF-246CFA277244}.Release|Any CPU.ActiveCfg = Release|Any CPU
		{FE6CE3E6-F9F3-6624-12BF-246CFA277244}.Release|Any CPU.Build.0 = Release|Any CPU
		{7C906072-C6AB-7086-F98A-ACC4A7D47DBF}.Debug|Any CPU.ActiveCfg = Debug|Any CPU
		{7C906072-C6AB-7086-F98A-ACC4A7D47DBF}.Debug|Any CPU.Build.0 = Debug|Any CPU
		{7C906072-C6AB-7086-F98A-ACC4A7D47DBF}.Release|Any CPU.ActiveCfg = Release|Any CPU
		{7C906072-C6AB-7086-F98A-ACC4A7D47DBF}.Release|Any CPU.Build.0 = Release|Any CPU
	EndGlobalSection
	GlobalSection(SolutionProperties) = preSolution
		HideSolutionNode = FALSE
	EndGlobalSection
								GlobalSection(MonoDevelopProperties) = preSolution
		StartupItem = Assembly-CSharp.csproj
		Policies = $0
		$0.TextStylePolicy = $1
		$1.inheritsSet = null
		$1.scope = text/x-csharp
		$0.CSharpFormattingPolicy = $2
		$2.inheritsSet = Mono
		$2.inheritsScope = text/x-csharp
		$2.scope = text/x-csharp
		$0.TextStylePolicy = $3
		$3.FileWidth = 120
		$3.TabWidth = 4
		$3.EolMarker = Unix
		$3.inheritsSet = Mono
		$3.inheritsScope = text/plain
		$3.scope = text/plain
	EndGlobalSection

EndGlobal
